
Microsoft Visual Studio Solution File, Format Version 12.00
# Visual Studio Version 17
VisualStudioVersion = 17.3.32811.315
MinimumVisualStudioVersion = 10.0.40219.1
Project("{FAE04EC0-301F-11D3-BF4B-00C04F79EFBC}") = "UnitCircleSineRatio", "UnitCircleSineRatio\UnitCircleSineRatio.csproj", "{29690239-5ECA-4CB2-B046-6A45E3194903}"
EndProject
Global
	GlobalSection(SolutionConfigurationPlatforms) = preSolution
		Debug|Any CPU = Debug|Any CPU
		Release|Any CPU = Release|Any CPU
	EndGlobalSection
	GlobalSection(ProjectConfigurationPlatforms) = postSolution
		{29690239-5ECA-4CB2-B046-6A45E3194903}.Debug|Any CPU.ActiveCfg = Debug|Any CPU
		{29690239-5ECA-4CB2-B046-6A45E3194903}.Debug|Any CPU.Build.0 = Debug|Any CPU
		{29690239-5ECA-4CB2-B046-6A45E3194903}.Release|Any CPU.ActiveCfg = Release|Any CPU
		{29690239-5ECA-4CB2-B046-6A45E3194903}.Release|Any CPU.Build.0 = Release|Any CPU
	EndGlobalSection
	GlobalSection(SolutionProperties) = preSolution
		HideSolutionNode = FALSE
	EndGlobalSection
	GlobalSection(ExtensibilityGlobals) = postSolution
		SolutionGuid = {BA8F6676-2F74-4F0C-A032-66B7C016E901}
	EndGlobalSection
EndGlobal
