
Microsoft Visual Studio Solution File, Format Version 12.00
# Visual Studio Version 17
VisualStudioVersion = 17.3.32811.315
MinimumVisualStudioVersion = 10.0.40219.1
Project("{FAE04EC0-301F-11D3-BF4B-00C04F79EFBC}") = "FrequencyAmplifier", "FrequencyAmplifier\FrequencyAmplifier.csproj", "{3D337349-E46B-4A9C-B2AB-10360B412309}"
EndProject
Global
	GlobalSection(SolutionConfigurationPlatforms) = preSolution
		Debug|Any CPU = Debug|Any CPU
		Release|Any CPU = Release|Any CPU
	EndGlobalSection
	GlobalSection(ProjectConfigurationPlatforms) = postSolution
		{3D337349-E46B-4A9C-B2AB-10360B412309}.Debug|Any CPU.ActiveCfg = Debug|Any CPU
		{3D337349-E46B-4A9C-B2AB-10360B412309}.Debug|Any CPU.Build.0 = Debug|Any CPU
		{3D337349-E46B-4A9C-B2AB-10360B412309}.Release|Any CPU.ActiveCfg = Release|Any CPU
		{3D337349-E46B-4A9C-B2AB-10360B412309}.Release|Any CPU.Build.0 = Release|Any CPU
	EndGlobalSection
	GlobalSection(SolutionProperties) = preSolution
		HideSolutionNode = FALSE
	EndGlobalSection
	GlobalSection(ExtensibilityGlobals) = postSolution
		SolutionGuid = {835446A2-F3FA-4980-8B45-0C3880A0FE4A}
	EndGlobalSection
EndGlobal
