
Microsoft Visual Studio Solution File, Format Version 12.00
# Visual Studio Version 17
VisualStudioVersion = 17.3.32811.315
MinimumVisualStudioVersion = 10.0.40219.1
Project("{FAE04EC0-301F-11D3-BF4B-00C04F79EFBC}") = "ExponentialModelVisualizer", "ExponentialModelVisualizer\ExponentialModelVisualizer.csproj", "{D4A2C3E6-A80B-4B24-A802-B59550FDB68C}"
EndProject
Global
	GlobalSection(SolutionConfigurationPlatforms) = preSolution
		Debug|Any CPU = Debug|Any CPU
		Release|Any CPU = Release|Any CPU
	EndGlobalSection
	GlobalSection(ProjectConfigurationPlatforms) = postSolution
		{D4A2C3E6-A80B-4B24-A802-B59550FDB68C}.Debug|Any CPU.ActiveCfg = Debug|Any CPU
		{D4A2C3E6-A80B-4B24-A802-B59550FDB68C}.Debug|Any CPU.Build.0 = Debug|Any CPU
		{D4A2C3E6-A80B-4B24-A802-B59550FDB68C}.Release|Any CPU.ActiveCfg = Release|Any CPU
		{D4A2C3E6-A80B-4B24-A802-B59550FDB68C}.Release|Any CPU.Build.0 = Release|Any CPU
	EndGlobalSection
	GlobalSection(SolutionProperties) = preSolution
		HideSolutionNode = FALSE
	EndGlobalSection
	GlobalSection(ExtensibilityGlobals) = postSolution
		SolutionGuid = {7EA1622F-4C22-4017-801E-0E1ADD109168}
	EndGlobalSection
EndGlobal
