
Microsoft Visual Studio Solution File, Format Version 12.00
# Visual Studio Version 17
VisualStudioVersion = 17.5.33414.496
MinimumVisualStudioVersion = 10.0.40219.1
Project("{FAE04EC0-301F-11D3-BF4B-00C04F79EFBC}") = "CMOSGraph", "CMOSGraph\CMOSGraph.csproj", "{E58C20BD-1D24-4BF8-8A14-46E246CD405D}"
EndProject
Global
	GlobalSection(SolutionConfigurationPlatforms) = preSolution
		Debug|Any CPU = Debug|Any CPU
		Release|Any CPU = Release|Any CPU
	EndGlobalSection
	GlobalSection(ProjectConfigurationPlatforms) = postSolution
		{E58C20BD-1D24-4BF8-8A14-46E246CD405D}.Debug|Any CPU.ActiveCfg = Debug|Any CPU
		{E58C20BD-1D24-4BF8-8A14-46E246CD405D}.Debug|Any CPU.Build.0 = Debug|Any CPU
		{E58C20BD-1D24-4BF8-8A14-46E246CD405D}.Release|Any CPU.ActiveCfg = Release|Any CPU
		{E58C20BD-1D24-4BF8-8A14-46E246CD405D}.Release|Any CPU.Build.0 = Release|Any CPU
	EndGlobalSection
	GlobalSection(SolutionProperties) = preSolution
		HideSolutionNode = FALSE
	EndGlobalSection
	GlobalSection(ExtensibilityGlobals) = postSolution
		SolutionGuid = {6A8D7A4C-ADD5-4D0A-BEEC-AE95B50404C3}
	EndGlobalSection
EndGlobal
