
Microsoft Visual Studio Solution File, Format Version 12.00
# Visual Studio Version 17
VisualStudioVersion = 17.3.32811.315
MinimumVisualStudioVersion = 10.0.40219.1
Project("{FAE04EC0-301F-11D3-BF4B-00C04F79EFBC}") = "ADC_Reader", "ADC_Reader\ADC_Reader.csproj", "{69C0764C-87AE-44EA-BD45-BAEF696BCE11}"
EndProject
Global
	GlobalSection(SolutionConfigurationPlatforms) = preSolution
		Debug|Any CPU = Debug|Any CPU
		Release|Any CPU = Release|Any CPU
	EndGlobalSection
	GlobalSection(ProjectConfigurationPlatforms) = postSolution
		{69C0764C-87AE-44EA-BD45-BAEF696BCE11}.Debug|Any CPU.ActiveCfg = Debug|Any CPU
		{69C0764C-87AE-44EA-BD45-BAEF696BCE11}.Debug|Any CPU.Build.0 = Debug|Any CPU
		{69C0764C-87AE-44EA-BD45-BAEF696BCE11}.Release|Any CPU.ActiveCfg = Release|Any CPU
		{69C0764C-87AE-44EA-BD45-BAEF696BCE11}.Release|Any CPU.Build.0 = Release|Any CPU
	EndGlobalSection
	GlobalSection(SolutionProperties) = preSolution
		HideSolutionNode = FALSE
	EndGlobalSection
	GlobalSection(ExtensibilityGlobals) = postSolution
		SolutionGuid = {7F5ACD59-5826-4A66-B5EB-DA2A3D89A42E}
	EndGlobalSection
EndGlobal
