
Microsoft Visual Studio Solution File, Format Version 12.00
# Visual Studio Version 17
VisualStudioVersion = 17.5.33414.496
MinimumVisualStudioVersion = 10.0.40219.1
Project("{FAE04EC0-301F-11D3-BF4B-00C04F79EFBC}") = "TransCricSine", "TransCricSine\TransCricSine.csproj", "{2B61A3B4-7957-4750-9CF2-7EB198276D0D}"
EndProject
Global
	GlobalSection(SolutionConfigurationPlatforms) = preSolution
		Debug|Any CPU = Debug|Any CPU
		Release|Any CPU = Release|Any CPU
	EndGlobalSection
	GlobalSection(ProjectConfigurationPlatforms) = postSolution
		{2B61A3B4-7957-4750-9CF2-7EB198276D0D}.Debug|Any CPU.ActiveCfg = Debug|Any CPU
		{2B61A3B4-7957-4750-9CF2-7EB198276D0D}.Debug|Any CPU.Build.0 = Debug|Any CPU
		{2B61A3B4-7957-4750-9CF2-7EB198276D0D}.Release|Any CPU.ActiveCfg = Release|Any CPU
		{2B61A3B4-7957-4750-9CF2-7EB198276D0D}.Release|Any CPU.Build.0 = Release|Any CPU
	EndGlobalSection
	GlobalSection(SolutionProperties) = preSolution
		HideSolutionNode = FALSE
	EndGlobalSection
	GlobalSection(ExtensibilityGlobals) = postSolution
		SolutionGuid = {DD6B56B8-0611-4B7A-B693-8A68DCA0E411}
	EndGlobalSection
EndGlobal
