
Microsoft Visual Studio Solution File, Format Version 12.00
# Visual Studio Version 17
VisualStudioVersion = 17.5.33414.496
MinimumVisualStudioVersion = 10.0.40219.1
Project("{FAE04EC0-301F-11D3-BF4B-00C04F79EFBC}") = "JFETGraph", "JFETGraph\JFETGraph.csproj", "{3B6C8046-019B-489E-9F6D-AECEB3B75FAC}"
EndProject
Global
	GlobalSection(SolutionConfigurationPlatforms) = preSolution
		Debug|Any CPU = Debug|Any CPU
		Release|Any CPU = Release|Any CPU
	EndGlobalSection
	GlobalSection(ProjectConfigurationPlatforms) = postSolution
		{3B6C8046-019B-489E-9F6D-AECEB3B75FAC}.Debug|Any CPU.ActiveCfg = Debug|Any CPU
		{3B6C8046-019B-489E-9F6D-AECEB3B75FAC}.Debug|Any CPU.Build.0 = Debug|Any CPU
		{3B6C8046-019B-489E-9F6D-AECEB3B75FAC}.Release|Any CPU.ActiveCfg = Release|Any CPU
		{3B6C8046-019B-489E-9F6D-AECEB3B75FAC}.Release|Any CPU.Build.0 = Release|Any CPU
	EndGlobalSection
	GlobalSection(SolutionProperties) = preSolution
		HideSolutionNode = FALSE
	EndGlobalSection
	GlobalSection(ExtensibilityGlobals) = postSolution
		SolutionGuid = {A75F769D-123B-4917-B29F-A7EEEF7E59E6}
	EndGlobalSection
EndGlobal
